
Microsoft Visual Studio Solution File, Format Version 12.00
# Visual Studio Version 16
VisualStudioVersion = 16.0.31729.503
MinimumVisualStudioVersion = 10.0.40219.1
Project("{FAE04EC0-301F-11D3-BF4B-00C04F79EFBC}") = "FormBlazorWasm", "FormBlazorWasm\FormBlazorWasm.csproj", "{B3733AD0-51EE-4F1B-BD56-C339FD4A7A42}"
EndProject
Global
	GlobalSection(SolutionConfigurationPlatforms) = preSolution
		Debug|Any CPU = Debug|Any CPU
		Release|Any CPU = Release|Any CPU
	EndGlobalSection
	GlobalSection(ProjectConfigurationPlatforms) = postSolution
		{B3733AD0-51EE-4F1B-BD56-C339FD4A7A42}.Debug|Any CPU.ActiveCfg = Debug|Any CPU
		{B3733AD0-51EE-4F1B-BD56-C339FD4A7A42}.Debug|Any CPU.Build.0 = Debug|Any CPU
		{B3733AD0-51EE-4F1B-BD56-C339FD4A7A42}.Release|Any CPU.ActiveCfg = Release|Any CPU
		{B3733AD0-51EE-4F1B-BD56-C339FD4A7A42}.Release|Any CPU.Build.0 = Release|Any CPU
	EndGlobalSection
	GlobalSection(SolutionProperties) = preSolution
		HideSolutionNode = FALSE
	EndGlobalSection
	GlobalSection(ExtensibilityGlobals) = postSolution
		SolutionGuid = {1246B4BE-F52B-4B46-801C-31AA4395F251}
	EndGlobalSection
EndGlobal
